// !$*UTF8*$!
{
	archiveVersion = 1;
	classes = {
	};
	objectVersion = 48;
	objects = {

/* Begin PBXBuildFile section */
		0EC277A33BB4F530C89D8C41 /* Pods_Chatr.framework in Frameworks */ = {isa = PBXBuildFile; fileRef = D1A3C738F6E575D7AD6655A5 /* Pods_Chatr.framework */; };
		2025E784D89668DDDA404D09 /* Pods_ChatrUITests.framework in Frameworks */ = {isa = PBXBuildFile; fileRef = D14EC4FE28BDC07EB29B4259 /* Pods_ChatrUITests.framework */; };
		67F9195B20AE4079007432A5 /* AppDelegate.swift in Sources */ = {isa = PBXBuildFile; fileRef = 67F9195A20AE4079007432A5 /* AppDelegate.swift */; };
		67F9195D20AE4079007432A5 /* ViewController.swift in Sources */ = {isa = PBXBuildFile; fileRef = 67F9195C20AE4079007432A5 /* ViewController.swift */; };
		67F9196020AE4079007432A5 /* Main.storyboard in Resources */ = {isa = PBXBuildFile; fileRef = 67F9195E20AE4079007432A5 /* Main.storyboard */; };
		67F9196320AE4079007432A5 /* Chatr.xcdatamodeld in Sources */ = {isa = PBXBuildFile; fileRef = 67F9196120AE4079007432A5 /* Chatr.xcdatamodeld */; };
		67F9196520AE4079007432A5 /* Assets.xcassets in Resources */ = {isa = PBXBuildFile; fileRef = 67F9196420AE4079007432A5 /* Assets.xcassets */; };
		67F9196820AE4079007432A5 /* LaunchScreen.storyboard in Resources */ = {isa = PBXBuildFile; fileRef = 67F9196620AE4079007432A5 /* LaunchScreen.storyboard */; };
		67F9197320AE4079007432A5 /* ChatrTests.swift in Sources */ = {isa = PBXBuildFile; fileRef = 67F9197220AE4079007432A5 /* ChatrTests.swift */; };
		67F9197E20AE4079007432A5 /* ChatrUITests.swift in Sources */ = {isa = PBXBuildFile; fileRef = 67F9197D20AE4079007432A5 /* ChatrUITests.swift */; };
		67F9198C20AE4153007432A5 /* GoogleService-Info.plist in Resources */ = {isa = PBXBuildFile; fileRef = 67F9198B20AE4153007432A5 /* GoogleService-Info.plist */; };
		6F99B9016EDB7E8A580E748E /* Pods_ChatrTests.framework in Frameworks */ = {isa = PBXBuildFile; fileRef = 01D5F3674E427F872EB85722 /* Pods_ChatrTests.framework */; };
/* End PBXBuildFile section */

/* Begin PBXContainerItemProxy section */
		67F9196F20AE4079007432A5 /* PBXContainerItemProxy */ = {
			isa = PBXContainerItemProxy;
			containerPortal = 67F9194F20AE4079007432A5 /* Project object */;
			proxyType = 1;
			remoteGlobalIDString = 67F9195620AE4079007432A5;
			remoteInfo = Chatr;
		};
		67F9197A20AE4079007432A5 /* PBXContainerItemProxy */ = {
			isa = PBXContainerItemProxy;
			containerPortal = 67F9194F20AE4079007432A5 /* Project object */;
			proxyType = 1;
			remoteGlobalIDString = 67F9195620AE4079007432A5;
			remoteInfo = Chatr;
		};
/* End PBXContainerItemProxy section */

/* Begin PBXFileReference section */
		01D5F3674E427F872EB85722 /* Pods_ChatrTests.framework */ = {isa = PBXFileReference; explicitFileType = wrapper.framework; includeInIndex = 0; path = Pods_ChatrTests.framework; sourceTree = BUILT_PRODUCTS_DIR; };
		3313B618307110052D8840A4 /* Pods-ChatrUITests.release.xcconfig */ = {isa = PBXFileReference; includeInIndex = 1; lastKnownFileType = text.xcconfig; name = "Pods-ChatrUITests.release.xcconfig"; path = "Pods/Target Support Files/Pods-ChatrUITests/Pods-ChatrUITests.release.xcconfig"; sourceTree = "<group>"; };
		418E911B7E634DC46157998B /* Pods-Chatr.release.xcconfig */ = {isa = PBXFileReference; includeInIndex = 1; lastKnownFileType = text.xcconfig; name = "Pods-Chatr.release.xcconfig"; path = "Pods/Target Support Files/Pods-Chatr/Pods-Chatr.release.xcconfig"; sourceTree = "<group>"; };
		46B68B66EA1ECA53E1083ECA /* Pods-Chatr.debug.xcconfig */ = {isa = PBXFileReference; includeInIndex = 1; lastKnownFileType = text.xcconfig; name = "Pods-Chatr.debug.xcconfig"; path = "Pods/Target Support Files/Pods-Chatr/Pods-Chatr.debug.xcconfig"; sourceTree = "<group>"; };
		48F5832084FA0E0643062325 /* Pods-ChatrUITests.debug.xcconfig */ = {isa = PBXFileReference; includeInIndex = 1; lastKnownFileType = text.xcconfig; name = "Pods-ChatrUITests.debug.xcconfig"; path = "Pods/Target Support Files/Pods-ChatrUITests/Pods-ChatrUITests.debug.xcconfig"; sourceTree = "<group>"; };
		67F9195720AE4079007432A5 /* Chatr.app */ = {isa = PBXFileReference; explicitFileType = wrapper.application; includeInIndex = 0; path = Chatr.app; sourceTree = BUILT_PRODUCTS_DIR; };
		67F9195A20AE4079007432A5 /* AppDelegate.swift */ = {isa = PBXFileReference; lastKnownFileType = sourcecode.swift; path = AppDelegate.swift; sourceTree = "<group>"; };
		67F9195C20AE4079007432A5 /* ViewController.swift */ = {isa = PBXFileReference; lastKnownFileType = sourcecode.swift; path = ViewController.swift; sourceTree = "<group>"; };
		67F9195F20AE4079007432A5 /* Base */ = {isa = PBXFileReference; lastKnownFileType = file.storyboard; name = Base; path = Base.lproj/Main.storyboard; sourceTree = "<group>"; };
		67F9196220AE4079007432A5 /* Chatr.xcdatamodel */ = {isa = PBXFileReference; lastKnownFileType = wrapper.xcdatamodel; path = Chatr.xcdatamodel; sourceTree = "<group>"; };
		67F9196420AE4079007432A5 /* Assets.xcassets */ = {isa = PBXFileReference; lastKnownFileType = folder.assetcatalog; path = Assets.xcassets; sourceTree = "<group>"; };
		67F9196720AE4079007432A5 /* Base */ = {isa = PBXFileReference; lastKnownFileType = file.storyboard; name = Base; path = Base.lproj/LaunchScreen.storyboard; sourceTree = "<group>"; };
		67F9196920AE4079007432A5 /* Info.plist */ = {isa = PBXFileReference; lastKnownFileType = text.plist.xml; path = Info.plist; sourceTree = "<group>"; };
		67F9196E20AE4079007432A5 /* ChatrTests.xctest */ = {isa = PBXFileReference; explicitFileType = wrapper.cfbundle; includeInIndex = 0; path = ChatrTests.xctest; sourceTree = BUILT_PRODUCTS_DIR; };
		67F9197220AE4079007432A5 /* ChatrTests.swift */ = {isa = PBXFileReference; lastKnownFileType = sourcecode.swift; path = ChatrTests.swift; sourceTree = "<group>"; };
		67F9197420AE4079007432A5 /* Info.plist */ = {isa = PBXFileReference; lastKnownFileType = text.plist.xml; path = Info.plist; sourceTree = "<group>"; };
		67F9197920AE4079007432A5 /* ChatrUITests.xctest */ = {isa = PBXFileReference; explicitFileType = wrapper.cfbundle; includeInIndex = 0; path = ChatrUITests.xctest; sourceTree = BUILT_PRODUCTS_DIR; };
		67F9197D20AE4079007432A5 /* ChatrUITests.swift */ = {isa = PBXFileReference; lastKnownFileType = sourcecode.swift; path = ChatrUITests.swift; sourceTree = "<group>"; };
		67F9197F20AE4079007432A5 /* Info.plist */ = {isa = PBXFileReference; lastKnownFileType = text.plist.xml; path = Info.plist; sourceTree = "<group>"; };
		67F9198B20AE4153007432A5 /* GoogleService-Info.plist */ = {isa = PBXFileReference; fileEncoding = 4; lastKnownFileType = text.plist.xml; name = "GoogleService-Info.plist"; path = "../../../GoogleService-Info.plist"; sourceTree = "<group>"; };
		7D91D225686A27088A47715B /* Pods-ChatrTests.release.xcconfig */ = {isa = PBXFileReference; includeInIndex = 1; lastKnownFileType = text.xcconfig; name = "Pods-ChatrTests.release.xcconfig"; path = "Pods/Target Support Files/Pods-ChatrTests/Pods-ChatrTests.release.xcconfig"; sourceTree = "<group>"; };
		9CB3D1D7938D1882801692E3 /* Pods-ChatrTests.debug.xcconfig */ = {isa = PBXFileReference; includeInIndex = 1; lastKnownFileType = text.xcconfig; name = "Pods-ChatrTests.debug.xcconfig"; path = "Pods/Target Support Files/Pods-ChatrTests/Pods-ChatrTests.debug.xcconfig"; sourceTree = "<group>"; };
		D14EC4FE28BDC07EB29B4259 /* Pods_ChatrUITests.framework */ = {isa = PBXFileReference; explicitFileType = wrapper.framework; includeInIndex = 0; path = Pods_ChatrUITests.framework; sourceTree = BUILT_PRODUCTS_DIR; };
		D1A3C738F6E575D7AD6655A5 /* Pods_Chatr.framework */ = {isa = PBXFileReference; explicitFileType = wrapper.framework; includeInIndex = 0; path = Pods_Chatr.framework; sourceTree = BUILT_PRODUCTS_DIR; };
/* End PBXFileReference section */

/* Begin PBXFrameworksBuildPhase section */
		67F9195420AE4079007432A5 /* Frameworks */ = {
			isa = PBXFrameworksBuildPhase;
			buildActionMask = 2147483647;
			files = (
				0EC277A33BB4F530C89D8C41 /* Pods_Chatr.framework in Frameworks */,
			);
			runOnlyForDeploymentPostprocessing = 0;
		};
		67F9196B20AE4079007432A5 /* Frameworks */ = {
			isa = PBXFrameworksBuildPhase;
			buildActionMask = 2147483647;
			files = (
				6F99B9016EDB7E8A580E748E /* Pods_ChatrTests.framework in Frameworks */,
			);
			runOnlyForDeploymentPostprocessing = 0;
		};
		67F9197620AE4079007432A5 /* Frameworks */ = {
			isa = PBXFrameworksBuildPhase;
			buildActionMask = 2147483647;
			files = (
				2025E784D89668DDDA404D09 /* Pods_ChatrUITests.framework in Frameworks */,
			);
			runOnlyForDeploymentPostprocessing = 0;
		};
/* End PBXFrameworksBuildPhase section */

/* Begin PBXGroup section */
		40F50C57AD33F9AA679EE72D /* Frameworks */ = {
			isa = PBXGroup;
			children = (
				D1A3C738F6E575D7AD6655A5 /* Pods_Chatr.framework */,
				01D5F3674E427F872EB85722 /* Pods_ChatrTests.framework */,
				D14EC4FE28BDC07EB29B4259 /* Pods_ChatrUITests.framework */,
			);
			name = Frameworks;
			sourceTree = "<group>";
		};
		67F9194E20AE4079007432A5 = {
			isa = PBXGroup;
			children = (
				67F9195920AE4079007432A5 /* Chatr */,
				67F9197120AE4079007432A5 /* ChatrTests */,
				67F9197C20AE4079007432A5 /* ChatrUITests */,
				67F9195820AE4079007432A5 /* Products */,
				E3422B7A781908918EDD4CA1 /* Pods */,
				40F50C57AD33F9AA679EE72D /* Frameworks */,
			);
			sourceTree = "<group>";
		};
		67F9195820AE4079007432A5 /* Products */ = {
			isa = PBXGroup;
			children = (
				67F9195720AE4079007432A5 /* Chatr.app */,
				67F9196E20AE4079007432A5 /* ChatrTests.xctest */,
				67F9197920AE4079007432A5 /* ChatrUITests.xctest */,
			);
			name = Products;
			sourceTree = "<group>";
		};
		67F9195920AE4079007432A5 /* Chatr */ = {
			isa = PBXGroup;
			children = (
				67F9195A20AE4079007432A5 /* AppDelegate.swift */,
				67F9195C20AE4079007432A5 /* ViewController.swift */,
				67F9195E20AE4079007432A5 /* Main.storyboard */,
				67F9196420AE4079007432A5 /* Assets.xcassets */,
				67F9196620AE4079007432A5 /* LaunchScreen.storyboard */,
				67F9196920AE4079007432A5 /* Info.plist */,
				67F9198B20AE4153007432A5 /* GoogleService-Info.plist */,
				67F9196120AE4079007432A5 /* Chatr.xcdatamodeld */,
			);
			path = Chatr;
			sourceTree = "<group>";
		};
		67F9197120AE4079007432A5 /* ChatrTests */ = {
			isa = PBXGroup;
			children = (
				67F9197220AE4079007432A5 /* ChatrTests.swift */,
				67F9197420AE4079007432A5 /* Info.plist */,
			);
			path = ChatrTests;
			sourceTree = "<group>";
		};
		67F9197C20AE4079007432A5 /* ChatrUITests */ = {
			isa = PBXGroup;
			children = (
				67F9197D20AE4079007432A5 /* ChatrUITests.swift */,
				67F9197F20AE4079007432A5 /* Info.plist */,
			);
			path = ChatrUITests;
			sourceTree = "<group>";
		};
		E3422B7A781908918EDD4CA1 /* Pods */ = {
			isa = PBXGroup;
			children = (
				46B68B66EA1ECA53E1083ECA /* Pods-Chatr.debug.xcconfig */,
				418E911B7E634DC46157998B /* Pods-Chatr.release.xcconfig */,
				9CB3D1D7938D1882801692E3 /* Pods-ChatrTests.debug.xcconfig */,
				7D91D225686A27088A47715B /* Pods-ChatrTests.release.xcconfig */,
				48F5832084FA0E0643062325 /* Pods-ChatrUITests.debug.xcconfig */,
				3313B618307110052D8840A4 /* Pods-ChatrUITests.release.xcconfig */,
			);
			name = Pods;
			sourceTree = "<group>";
		};
/* End PBXGroup section */

/* Begin PBXNativeTarget section */
		67F9195620AE4079007432A5 /* Chatr */ = {
			isa = PBXNativeTarget;
			buildConfigurationList = 67F9198220AE4079007432A5 /* Build configuration list for PBXNativeTarget "Chatr" */;
			buildPhases = (
				1CBDAFE1245A4DB1FEDADFAB /* [CP] Check Pods Manifest.lock */,
				67F9195320AE4079007432A5 /* Sources */,
				67F9195420AE4079007432A5 /* Frameworks */,
				67F9195520AE4079007432A5 /* Resources */,
				95FFC26883D674BCF4B7C8FD /* [CP] Embed Pods Frameworks */,
				B4B08A60667B2CB506030C18 /* [CP] Copy Pods Resources */,
			);
			buildRules = (
			);
			dependencies = (
			);
			name = Chatr;
			productName = Chatr;
			productReference = 67F9195720AE4079007432A5 /* Chatr.app */;
			productType = "com.apple.product-type.application";
		};
		67F9196D20AE4079007432A5 /* ChatrTests */ = {
			isa = PBXNativeTarget;
			buildConfigurationList = 67F9198520AE4079007432A5 /* Build configuration list for PBXNativeTarget "ChatrTests" */;
			buildPhases = (
				24156C1FCE374E68439BB549 /* [CP] Check Pods Manifest.lock */,
				67F9196A20AE4079007432A5 /* Sources */,
				67F9196B20AE4079007432A5 /* Frameworks */,
				67F9196C20AE4079007432A5 /* Resources */,
				1438F2A48219414DE3A11360 /* [CP] Embed Pods Frameworks */,
				DFE9CA8D0CC212AB93E0EC26 /* [CP] Copy Pods Resources */,
			);
			buildRules = (
			);
			dependencies = (
				67F9197020AE4079007432A5 /* PBXTargetDependency */,
			);
			name = ChatrTests;
			productName = ChatrTests;
			productReference = 67F9196E20AE4079007432A5 /* ChatrTests.xctest */;
			productType = "com.apple.product-type.bundle.unit-test";
		};
		67F9197820AE4079007432A5 /* ChatrUITests */ = {
			isa = PBXNativeTarget;
			buildConfigurationList = 67F9198820AE4079007432A5 /* Build configuration list for PBXNativeTarget "ChatrUITests" */;
			buildPhases = (
				CE88E37CAF25894589BCCAEE /* [CP] Check Pods Manifest.lock */,
				67F9197520AE4079007432A5 /* Sources */,
				67F9197620AE4079007432A5 /* Frameworks */,
				67F9197720AE4079007432A5 /* Resources */,
				F257E8F9AF8A90D792FE2F8D /* [CP] Embed Pods Frameworks */,
				F339FA1A5B9AEAA163803A9F /* [CP] Copy Pods Resources */,
			);
			buildRules = (
			);
			dependencies = (
				67F9197B20AE4079007432A5 /* PBXTargetDependency */,
			);
			name = ChatrUITests;
			productName = ChatrUITests;
			productReference = 67F9197920AE4079007432A5 /* ChatrUITests.xctest */;
			productType = "com.apple.product-type.bundle.ui-testing";
		};
/* End PBXNativeTarget section */

/* Begin PBXProject section */
		67F9194F20AE4079007432A5 /* Project object */ = {
			isa = PBXProject;
			attributes = {
				LastSwiftUpdateCheck = 0920;
				LastUpgradeCheck = 0920;
				ORGANIZATIONNAME = "Vic Sukiasyan";
				TargetAttributes = {
					67F9195620AE4079007432A5 = {
						CreatedOnToolsVersion = 9.2;
						ProvisioningStyle = Automatic;
					};
					67F9196D20AE4079007432A5 = {
						CreatedOnToolsVersion = 9.2;
						ProvisioningStyle = Automatic;
						TestTargetID = 67F9195620AE4079007432A5;
					};
					67F9197820AE4079007432A5 = {
						CreatedOnToolsVersion = 9.2;
						ProvisioningStyle = Automatic;
						TestTargetID = 67F9195620AE4079007432A5;
					};
				};
			};
			buildConfigurationList = 67F9195220AE4079007432A5 /* Build configuration list for PBXProject "Chatr" */;
			compatibilityVersion = "Xcode 8.0";
			developmentRegion = en;
			hasScannedForEncodings = 0;
			knownRegions = (
				en,
				Base,
			);
			mainGroup = 67F9194E20AE4079007432A5;
			productRefGroup = 67F9195820AE4079007432A5 /* Products */;
			projectDirPath = "";
			projectRoot = "";
			targets = (
				67F9195620AE4079007432A5 /* Chatr */,
				67F9196D20AE4079007432A5 /* ChatrTests */,
				67F9197820AE4079007432A5 /* ChatrUITests */,
			);
		};
/* End PBXProject section */

/* Begin PBXResourcesBuildPhase section */
		67F9195520AE4079007432A5 /* Resources */ = {
			isa = PBXResourcesBuildPhase;
			buildActionMask = 2147483647;
			files = (
				67F9196820AE4079007432A5 /* LaunchScreen.storyboard in Resources */,
				67F9198C20AE4153007432A5 /* GoogleService-Info.plist in Resources */,
				67F9196520AE4079007432A5 /* Assets.xcassets in Resources */,
				67F9196020AE4079007432A5 /* Main.storyboard in Resources */,
			);
			runOnlyForDeploymentPostprocessing = 0;
		};
		67F9196C20AE4079007432A5 /* Resources */ = {
			isa = PBXResourcesBuildPhase;
			buildActionMask = 2147483647;
			files = (
			);
			runOnlyForDeploymentPostprocessing = 0;
		};
		67F9197720AE4079007432A5 /* Resources */ = {
			isa = PBXResourcesBuildPhase;
			buildActionMask = 2147483647;
			files = (
			);
			runOnlyForDeploymentPostprocessing = 0;
		};
/* End PBXResourcesBuildPhase section */

/* Begin PBXShellScriptBuildPhase section */
		1438F2A48219414DE3A11360 /* [CP] Embed Pods Frameworks */ = {
			isa = PBXShellScriptBuildPhase;
			buildActionMask = 2147483647;
			files = (
			);
			inputPaths = (
			);
			name = "[CP] Embed Pods Frameworks";
			outputPaths = (
			);
			runOnlyForDeploymentPostprocessing = 0;
			shellPath = /bin/sh;
			shellScript = "\"${SRCROOT}/Pods/Target Support Files/Pods-ChatrTests/Pods-ChatrTests-frameworks.sh\"\n";
			showEnvVarsInLog = 0;
		};
		1CBDAFE1245A4DB1FEDADFAB /* [CP] Check Pods Manifest.lock */ = {
			isa = PBXShellScriptBuildPhase;
			buildActionMask = 2147483647;
			files = (
			);
			inputPaths = (
				"${PODS_PODFILE_DIR_PATH}/Podfile.lock",
				"${PODS_ROOT}/Manifest.lock",
			);
			name = "[CP] Check Pods Manifest.lock";
			outputPaths = (
				"$(DERIVED_FILE_DIR)/Pods-Chatr-checkManifestLockResult.txt",
			);
			runOnlyForDeploymentPostprocessing = 0;
			shellPath = /bin/sh;
			shellScript = "diff \"${PODS_PODFILE_DIR_PATH}/Podfile.lock\" \"${PODS_ROOT}/Manifest.lock\" > /dev/null\nif [ $? != 0 ] ; then\n    # print error to STDERR\n    echo \"error: The sandbox is not in sync with the Podfile.lock. Run 'pod install' or update your CocoaPods installation.\" >&2\n    exit 1\nfi\n# This output is used by Xcode 'outputs' to avoid re-running this script phase.\necho \"SUCCESS\" > \"${SCRIPT_OUTPUT_FILE_0}\"\n";
			showEnvVarsInLog = 0;
		};
		24156C1FCE374E68439BB549 /* [CP] Check Pods Manifest.lock */ = {
			isa = PBXShellScriptBuildPhase;
			buildActionMask = 2147483647;
			files = (
			);
			inputPaths = (
				"${PODS_PODFILE_DIR_PATH}/Podfile.lock",
				"${PODS_ROOT}/Manifest.lock",
			);
			name = "[CP] Check Pods Manifest.lock";
			outputPaths = (
				"$(DERIVED_FILE_DIR)/Pods-ChatrTests-checkManifestLockResult.txt",
			);
			runOnlyForDeploymentPostprocessing = 0;
			shellPath = /bin/sh;
			shellScript = "diff \"${PODS_PODFILE_DIR_PATH}/Podfile.lock\" \"${PODS_ROOT}/Manifest.lock\" > /dev/null\nif [ $? != 0 ] ; then\n    # print error to STDERR\n    echo \"error: The sandbox is not in sync with the Podfile.lock. Run 'pod install' or update your CocoaPods installation.\" >&2\n    exit 1\nfi\n# This output is used by Xcode 'outputs' to avoid re-running this script phase.\necho \"SUCCESS\" > \"${SCRIPT_OUTPUT_FILE_0}\"\n";
			showEnvVarsInLog = 0;
		};
		95FFC26883D674BCF4B7C8FD /* [CP] Embed Pods Frameworks */ = {
			isa = PBXShellScriptBuildPhase;
			buildActionMask = 2147483647;
			files = (
			);
			inputPaths = (
				"${SRCROOT}/Pods/Target Support Files/Pods-Chatr/Pods-Chatr-frameworks.sh",
				"${BUILT_PRODUCTS_DIR}/ChameleonFramework/ChameleonFramework.framework",
				"${BUILT_PRODUCTS_DIR}/GTMSessionFetcher/GTMSessionFetcher.framework",
				"${BUILT_PRODUCTS_DIR}/GoogleToolboxForMac/GoogleToolboxForMac.framework",
				"${BUILT_PRODUCTS_DIR}/SVProgressHUD/SVProgressHUD.framework",
				"${BUILT_PRODUCTS_DIR}/leveldb-library/leveldb.framework",
				"${BUILT_PRODUCTS_DIR}/nanopb/nanopb.framework",
			);
			name = "[CP] Embed Pods Frameworks";
			outputPaths = (
				"${TARGET_BUILD_DIR}/${FRAMEWORKS_FOLDER_PATH}/ChameleonFramework.framework",
				"${TARGET_BUILD_DIR}/${FRAMEWORKS_FOLDER_PATH}/GTMSessionFetcher.framework",
				"${TARGET_BUILD_DIR}/${FRAMEWORKS_FOLDER_PATH}/GoogleToolboxForMac.framework",
				"${TARGET_BUILD_DIR}/${FRAMEWORKS_FOLDER_PATH}/SVProgressHUD.framework",
				"${TARGET_BUILD_DIR}/${FRAMEWORKS_FOLDER_PATH}/leveldb.framework",
				"${TARGET_BUILD_DIR}/${FRAMEWORKS_FOLDER_PATH}/nanopb.framework",
			);
			runOnlyForDeploymentPostprocessing = 0;
			shellPath = /bin/sh;
			shellScript = "\"${SRCROOT}/Pods/Target Support Files/Pods-Chatr/Pods-Chatr-frameworks.sh\"\n";
			showEnvVarsInLog = 0;
		};
		B4B08A60667B2CB506030C18 /* [CP] Copy Pods Resources */ = {
			isa = PBXShellScriptBuildPhase;
			buildActionMask = 2147483647;
			files = (
			);
			inputPaths = (
			);
			name = "[CP] Copy Pods Resources";
			outputPaths = (
			);
			runOnlyForDeploymentPostprocessing = 0;
			shellPath = /bin/sh;
			shellScript = "\"${SRCROOT}/Pods/Target Support Files/Pods-Chatr/Pods-Chatr-resources.sh\"\n";
			showEnvVarsInLog = 0;
		};
		CE88E37CAF25894589BCCAEE /* [CP] Check Pods Manifest.lock */ = {
			isa = PBXShellScriptBuildPhase;
			buildActionMask = 2147483647;
			files = (
			);
			inputPaths = (
				"${PODS_PODFILE_DIR_PATH}/Podfile.lock",
				"${PODS_ROOT}/Manifest.lock",
			);
			name = "[CP] Check Pods Manifest.lock";
			outputPaths = (
				"$(DERIVED_FILE_DIR)/Pods-ChatrUITests-checkManifestLockResult.txt",
			);
			runOnlyForDeploymentPostprocessing = 0;
			shellPath = /bin/sh;
			shellScript = "diff \"${PODS_PODFILE_DIR_PATH}/Podfile.lock\" \"${PODS_ROOT}/Manifest.lock\" > /dev/null\nif [ $? != 0 ] ; then\n    # print error to STDERR\n    echo \"error: The sandbox is not in sync with the Podfile.lock. Run 'pod install' or update your CocoaPods installation.\" >&2\n    exit 1\nfi\n# This output is used by Xcode 'outputs' to avoid re-running this script phase.\necho \"SUCCESS\" > \"${SCRIPT_OUTPUT_FILE_0}\"\n";
			showEnvVarsInLog = 0;
		};
		DFE9CA8D0CC212AB93E0EC26 /* [CP] Copy Pods Resources */ = {
			isa = PBXShellScriptBuildPhase;
			buildActionMask = 2147483647;
			files = (
			);
			inputPaths = (
			);
			name = "[CP] Copy Pods Resources";
			outputPaths = (
			);
			runOnlyForDeploymentPostprocessing = 0;
			shellPath = /bin/sh;
			shellScript = "\"${SRCROOT}/Pods/Target Support Files/Pods-ChatrTests/Pods-ChatrTests-resources.sh\"\n";
			showEnvVarsInLog = 0;
		};
		F257E8F9AF8A90D792FE2F8D /* [CP] Embed Pods Frameworks */ = {
			isa = PBXShellScriptBuildPhase;
			buildActionMask = 2147483647;
			files = (
			);
			inputPaths = (
			);
			name = "[CP] Embed Pods Frameworks";
			outputPaths = (
			);
			runOnlyForDeploymentPostprocessing = 0;
			shellPath = /bin/sh;
			shellScript = "\"${SRCROOT}/Pods/Target Support Files/Pods-ChatrUITests/Pods-ChatrUITests-frameworks.sh\"\n";
			showEnvVarsInLog = 0;
		};
		F339FA1A5B9AEAA163803A9F /* [CP] Copy Pods Resources */ = {
			isa = PBXShellScriptBuildPhase;
			buildActionMask = 2147483647;
			files = (
			);
			inputPaths = (
			);
			name = "[CP] Copy Pods Resources";
			outputPaths = (
			);
			runOnlyForDeploymentPostprocessing = 0;
			shellPath = /bin/sh;
			shellScript = "\"${SRCROOT}/Pods/Target Support Files/Pods-ChatrUITests/Pods-ChatrUITests-resources.sh\"\n";
			showEnvVarsInLog = 0;
		};
/* End PBXShellScriptBuildPhase section */

/* Begin PBXSourcesBuildPhase section */
		67F9195320AE4079007432A5 /* Sources */ = {
			isa = PBXSourcesBuildPhase;
			buildActionMask = 2147483647;
			files = (
				67F9195D20AE4079007432A5 /* ViewController.swift in Sources */,
				67F9195B20AE4079007432A5 /* AppDelegate.swift in Sources */,
				67F9196320AE4079007432A5 /* Chatr.xcdatamodeld in Sources */,
			);
			runOnlyForDeploymentPostprocessing = 0;
		};
		67F9196A20AE4079007432A5 /* Sources */ = {
			isa = PBXSourcesBuildPhase;
			buildActionMask = 2147483647;
			files = (
				67F9197320AE4079007432A5 /* ChatrTests.swift in Sources */,
			);
			runOnlyForDeploymentPostprocessing = 0;
		};
		67F9197520AE4079007432A5 /* Sources */ = {
			isa = PBXSourcesBuildPhase;
			buildActionMask = 2147483647;
			files = (
				67F9197E20AE4079007432A5 /* ChatrUITests.swift in Sources */,
			);
			runOnlyForDeploymentPostprocessing = 0;
		};
/* End PBXSourcesBuildPhase section */

/* Begin PBXTargetDependency section */
		67F9197020AE4079007432A5 /* PBXTargetDependency */ = {
			isa = PBXTargetDependency;
			target = 67F9195620AE4079007432A5 /* Chatr */;
			targetProxy = 67F9196F20AE4079007432A5 /* PBXContainerItemProxy */;
		};
		67F9197B20AE4079007432A5 /* PBXTargetDependency */ = {
			isa = PBXTargetDependency;
			target = 67F9195620AE4079007432A5 /* Chatr */;
			targetProxy = 67F9197A20AE4079007432A5 /* PBXContainerItemProxy */;
		};
/* End PBXTargetDependency section */

/* Begin PBXVariantGroup section */
		67F9195E20AE4079007432A5 /* Main.storyboard */ = {
			isa = PBXVariantGroup;
			children = (
				67F9195F20AE4079007432A5 /* Base */,
			);
			name = Main.storyboard;
			sourceTree = "<group>";
		};
		67F9196620AE4079007432A5 /* LaunchScreen.storyboard */ = {
			isa = PBXVariantGroup;
			children = (
				67F9196720AE4079007432A5 /* Base */,
			);
			name = LaunchScreen.storyboard;
			sourceTree = "<group>";
		};
/* End PBXVariantGroup section */

/* Begin XCBuildConfiguration section */
		67F9198020AE4079007432A5 /* Debug */ = {
			isa = XCBuildConfiguration;
			buildSettings = {
				ALWAYS_SEARCH_USER_PATHS = NO;
				CLANG_ANALYZER_NONNULL = YES;
				CLANG_ANALYZER_NUMBER_OBJECT_CONVERSION = YES_AGGRESSIVE;
				CLANG_CXX_LANGUAGE_STANDARD = "gnu++14";
				CLANG_CXX_LIBRARY = "libc++";
				CLANG_ENABLE_MODULES = YES;
				CLANG_ENABLE_OBJC_ARC = YES;
				CLANG_WARN_BLOCK_CAPTURE_AUTORELEASING = YES;
				CLANG_WARN_BOOL_CONVERSION = YES;
				CLANG_WARN_COMMA = YES;
				CLANG_WARN_CONSTANT_CONVERSION = YES;
				CLANG_WARN_DIRECT_OBJC_ISA_USAGE = YES_ERROR;
				CLANG_WARN_DOCUMENTATION_COMMENTS = YES;
				CLANG_WARN_EMPTY_BODY = YES;
				CLANG_WARN_ENUM_CONVERSION = YES;
				CLANG_WARN_INFINITE_RECURSION = YES;
				CLANG_WARN_INT_CONVERSION = YES;
				CLANG_WARN_NON_LITERAL_NULL_CONVERSION = YES;
				CLANG_WARN_OBJC_LITERAL_CONVERSION = YES;
				CLANG_WARN_OBJC_ROOT_CLASS = YES_ERROR;
				CLANG_WARN_RANGE_LOOP_ANALYSIS = YES;
				CLANG_WARN_STRICT_PROTOTYPES = YES;
				CLANG_WARN_SUSPICIOUS_MOVE = YES;
				CLANG_WARN_UNGUARDED_AVAILABILITY = YES_AGGRESSIVE;
				CLANG_WARN_UNREACHABLE_CODE = YES;
				CLANG_WARN__DUPLICATE_METHOD_MATCH = YES;
				CODE_SIGN_IDENTITY = "iPhone Developer";
				COPY_PHASE_STRIP = NO;
				DEBUG_INFORMATION_FORMAT = dwarf;
				ENABLE_STRICT_OBJC_MSGSEND = YES;
				ENABLE_TESTABILITY = YES;
				GCC_C_LANGUAGE_STANDARD = gnu11;
				GCC_DYNAMIC_NO_PIC = NO;
				GCC_NO_COMMON_BLOCKS = YES;
				GCC_OPTIMIZATION_LEVEL = 0;
				GCC_PREPROCESSOR_DEFINITIONS = (
					"DEBUG=1",
					"$(inherited)",
				);
				GCC_WARN_64_TO_32_BIT_CONVERSION = YES;
				GCC_WARN_ABOUT_RETURN_TYPE = YES_ERROR;
				GCC_WARN_UNDECLARED_SELECTOR = YES;
				GCC_WARN_UNINITIALIZED_AUTOS = YES_AGGRESSIVE;
				GCC_WARN_UNUSED_FUNCTION = YES;
				GCC_WARN_UNUSED_VARIABLE = YES;
				IPHONEOS_DEPLOYMENT_TARGET = 11.2;
				MTL_ENABLE_DEBUG_INFO = YES;
				ONLY_ACTIVE_ARCH = YES;
				SDKROOT = iphoneos;
				SWIFT_ACTIVE_COMPILATION_CONDITIONS = DEBUG;
				SWIFT_OPTIMIZATION_LEVEL = "-Onone";
			};
			name = Debug;
		};
		67F9198120AE4079007432A5 /* Release */ = {
			isa = XCBuildConfiguration;
			buildSettings = {
				ALWAYS_SEARCH_USER_PATHS = NO;
				CLANG_ANALYZER_NONNULL = YES;
				CLANG_ANALYZER_NUMBER_OBJECT_CONVERSION = YES_AGGRESSIVE;
				CLANG_CXX_LANGUAGE_STANDARD = "gnu++14";
				CLANG_CXX_LIBRARY = "libc++";
				CLANG_ENABLE_MODULES = YES;
				CLANG_ENABLE_OBJC_ARC = YES;
				CLANG_WARN_BLOCK_CAPTURE_AUTORELEASING = YES;
				CLANG_WARN_BOOL_CONVERSION = YES;
				CLANG_WARN_COMMA = YES;
				CLANG_WARN_CONSTANT_CONVERSION = YES;
				CLANG_WARN_DIRECT_OBJC_ISA_USAGE = YES_ERROR;
				CLANG_WARN_DOCUMENTATION_COMMENTS = YES;
				CLANG_WARN_EMPTY_BODY = YES;
				CLANG_WARN_ENUM_CONVERSION = YES;
				CLANG_WARN_INFINITE_RECURSION = YES;
				CLANG_WARN_INT_CONVERSION = YES;
				CLANG_WARN_NON_LITERAL_NULL_CONVERSION = YES;
				CLANG_WARN_OBJC_LITERAL_CONVERSION = YES;
				CLANG_WARN_OBJC_ROOT_CLASS = YES_ERROR;
				CLANG_WARN_RANGE_LOOP_ANALYSIS = YES;
				CLANG_WARN_STRICT_PROTOTYPES = YES;
				CLANG_WARN_SUSPICIOUS_MOVE = YES;
				CLANG_WARN_UNGUARDED_AVAILABILITY = YES_AGGRESSIVE;
				CLANG_WARN_UNREACHABLE_CODE = YES;
				CLANG_WARN__DUPLICATE_METHOD_MATCH = YES;
				CODE_SIGN_IDENTITY = "iPhone Developer";
				COPY_PHASE_STRIP = NO;
				DEBUG_INFORMATION_FORMAT = "dwarf-with-dsym";
				ENABLE_NS_ASSERTIONS = NO;
				ENABLE_STRICT_OBJC_MSGSEND = YES;
				GCC_C_LANGUAGE_STANDARD = gnu11;
				GCC_NO_COMMON_BLOCKS = YES;
				GCC_WARN_64_TO_32_BIT_CONVERSION = YES;
				GCC_WARN_ABOUT_RETURN_TYPE = YES_ERROR;
				GCC_WARN_UNDECLARED_SELECTOR = YES;
				GCC_WARN_UNINITIALIZED_AUTOS = YES_AGGRESSIVE;
				GCC_WARN_UNUSED_FUNCTION = YES;
				GCC_WARN_UNUSED_VARIABLE = YES;
				IPHONEOS_DEPLOYMENT_TARGET = 11.2;
				MTL_ENABLE_DEBUG_INFO = NO;
				SDKROOT = iphoneos;
				SWIFT_OPTIMIZATION_LEVEL = "-Owholemodule";
				VALIDATE_PRODUCT = YES;
			};
			name = Release;
		};
		67F9198320AE4079007432A5 /* Debug */ = {
			isa = XCBuildConfiguration;
			baseConfigurationReference = 46B68B66EA1ECA53E1083ECA /* Pods-Chatr.debug.xcconfig */;
			buildSettings = {
				ASSETCATALOG_COMPILER_APPICON_NAME = AppIcon;
				CODE_SIGN_STYLE = Automatic;
				DEVELOPMENT_TEAM = P6295RT7MX;
				INFOPLIST_FILE = Chatr/Info.plist;
				LD_RUNPATH_SEARCH_PATHS = "$(inherited) @executable_path/Frameworks";
				PRODUCT_BUNDLE_IDENTIFIER = com.test.vsukiasyan.Chatr;
				PRODUCT_NAME = "$(TARGET_NAME)";
				SWIFT_VERSION = 4.0;
				TARGETED_DEVICE_FAMILY = "1,2";
			};
			name = Debug;
		};
		67F9198420AE4079007432A5 /* Release */ = {
			isa = XCBuildConfiguration;
			baseConfigurationReference = 418E911B7E634DC46157998B /* Pods-Chatr.release.xcconfig */;
			buildSettings = {
				ASSETCATALOG_COMPILER_APPICON_NAME = AppIcon;
				CODE_SIGN_STYLE = Automatic;
				DEVELOPMENT_TEAM = P6295RT7MX;
				INFOPLIST_FILE = Chatr/Info.plist;
				LD_RUNPATH_SEARCH_PATHS = "$(inherited) @executable_path/Frameworks";
				PRODUCT_BUNDLE_IDENTIFIER = com.test.vsukiasyan.Chatr;
				PRODUCT_NAME = "$(TARGET_NAME)";
				SWIFT_VERSION = 4.0;
				TARGETED_DEVICE_FAMILY = "1,2";
			};
			name = Release;
		};
		67F9198620AE4079007432A5 /* Debug */ = {
			isa = XCBuildConfiguration;
			baseConfigurationReference = 9CB3D1D7938D1882801692E3 /* Pods-ChatrTests.debug.xcconfig */;
			buildSettings = {
				ALWAYS_EMBED_SWIFT_STANDARD_LIBRARIES = YES;
				BUNDLE_LOADER = "$(TEST_HOST)";
				CODE_SIGN_STYLE = Automatic;
				DEVELOPMENT_TEAM = P6295RT7MX;
				INFOPLIST_FILE = ChatrTests/Info.plist;
				LD_RUNPATH_SEARCH_PATHS = "$(inherited) @executable_path/Frameworks @loader_path/Frameworks";
				PRODUCT_BUNDLE_IDENTIFIER = com.test.vsukiasyan.ChatrTests;
				PRODUCT_NAME = "$(TARGET_NAME)";
				SWIFT_VERSION = 4.0;
				TARGETED_DEVICE_FAMILY = "1,2";
				TEST_HOST = "$(BUILT_PRODUCTS_DIR)/Chatr.app/Chatr";
			};
			name = Debug;
		};
		67F9198720AE4079007432A5 /* Release */ = {
			isa = XCBuildConfiguration;
			baseConfigurationReference = 7D91D225686A27088A47715B /* Pods-ChatrTests.release.xcconfig */;
			buildSettings = {
				ALWAYS_EMBED_SWIFT_STANDARD_LIBRARIES = YES;
				BUNDLE_LOADER = "$(TEST_HOST)";
				CODE_SIGN_STYLE = Automatic;
				DEVELOPMENT_TEAM = P6295RT7MX;
				INFOPLIST_FILE = ChatrTests/Info.plist;
				LD_RUNPATH_SEARCH_PATHS = "$(inherited) @executable_path/Frameworks @loader_path/Frameworks";
				PRODUCT_BUNDLE_IDENTIFIER = com.test.vsukiasyan.ChatrTests;
				PRODUCT_NAME = "$(TARGET_NAME)";
				SWIFT_VERSION = 4.0;
				TARGETED_DEVICE_FAMILY = "1,2";
				TEST_HOST = "$(BUILT_PRODUCTS_DIR)/Chatr.app/Chatr";
			};
			name = Release;
		};
		67F9198920AE4079007432A5 /* Debug */ = {
			isa = XCBuildConfiguration;
			baseConfigurationReference = 48F5832084FA0E0643062325 /* Pods-ChatrUITests.debug.xcconfig */;
			buildSettings = {
				ALWAYS_EMBED_SWIFT_STANDARD_LIBRARIES = YES;
				CODE_SIGN_STYLE = Automatic;
				DEVELOPMENT_TEAM = P6295RT7MX;
				INFOPLIST_FILE = ChatrUITests/Info.plist;
				LD_RUNPATH_SEARCH_PATHS = "$(inherited) @executable_path/Frameworks @loader_path/Frameworks";
				PRODUCT_BUNDLE_IDENTIFIER = com.test.vsukiasyan.ChatrUITests;
				PRODUCT_NAME = "$(TARGET_NAME)";
				SWIFT_VERSION = 4.0;
				TARGETED_DEVICE_FAMILY = "1,2";
				TEST_TARGET_NAME = Chatr;
			};
			name = Debug;
		};
		67F9198A20AE4079007432A5 /* Release */ = {
			isa = XCBuildConfiguration;
			baseConfigurationReference = 3313B618307110052D8840A4 /* Pods-ChatrUITests.release.xcconfig */;
			buildSettings = {
				ALWAYS_EMBED_SWIFT_STANDARD_LIBRARIES = YES;
				CODE_SIGN_STYLE = Automatic;
				DEVELOPMENT_TEAM = P6295RT7MX;
				INFOPLIST_FILE = ChatrUITests/Info.plist;
				LD_RUNPATH_SEARCH_PATHS = "$(inherited) @executable_path/Frameworks @loader_path/Frameworks";
				PRODUCT_BUNDLE_IDENTIFIER = com.test.vsukiasyan.ChatrUITests;
				PRODUCT_NAME = "$(TARGET_NAME)";
				SWIFT_VERSION = 4.0;
				TARGETED_DEVICE_FAMILY = "1,2";
				TEST_TARGET_NAME = Chatr;
			};
			name = Release;
		};
/* End XCBuildConfiguration section */

/* Begin XCConfigurationList section */
		67F9195220AE4079007432A5 /* Build configuration list for PBXProject "Chatr" */ = {
			isa = XCConfigurationList;
			buildConfigurations = (
				67F9198020AE4079007432A5 /* Debug */,
				67F9198120AE4079007432A5 /* Release */,
			);
			defaultConfigurationIsVisible = 0;
			defaultConfigurationName = Release;
		};
		67F9198220AE4079007432A5 /* Build configuration list for PBXNativeTarget "Chatr" */ = {
			isa = XCConfigurationList;
			buildConfigurations = (
				67F9198320AE4079007432A5 /* Debug */,
				67F9198420AE4079007432A5 /* Release */,
			);
			defaultConfigurationIsVisible = 0;
			defaultConfigurationName = Release;
		};
		67F9198520AE4079007432A5 /* Build configuration list for PBXNativeTarget "ChatrTests" */ = {
			isa = XCConfigurationList;
			buildConfigurations = (
				67F9198620AE4079007432A5 /* Debug */,
				67F9198720AE4079007432A5 /* Release */,
			);
			defaultConfigurationIsVisible = 0;
			defaultConfigurationName = Release;
		};
		67F9198820AE4079007432A5 /* Build configuration list for PBXNativeTarget "ChatrUITests" */ = {
			isa = XCConfigurationList;
			buildConfigurations = (
				67F9198920AE4079007432A5 /* Debug */,
				67F9198A20AE4079007432A5 /* Release */,
			);
			defaultConfigurationIsVisible = 0;
			defaultConfigurationName = Release;
		};
/* End XCConfigurationList section */

/* Begin XCVersionGroup section */
		67F9196120AE4079007432A5 /* Chatr.xcdatamodeld */ = {
			isa = XCVersionGroup;
			children = (
				67F9196220AE4079007432A5 /* Chatr.xcdatamodel */,
			);
			currentVersion = 67F9196220AE4079007432A5 /* Chatr.xcdatamodel */;
			path = Chatr.xcdatamodeld;
			sourceTree = "<group>";
			versionGroupType = wrapper.xcdatamodel;
		};
/* End XCVersionGroup section */
	};
	rootObject = 67F9194F20AE4079007432A5 /* Project object */;
}
